// !$*UTF8*$!
{
	archiveVersion = 1;
	classes = {
	};
	objectVersion = 50;
	objects = {

/* Begin PBXBuildFile section */
		371D946922F4AD820008B396 /* HomeProtocol.swift in Sources */ = {isa = PBXBuildFile; fileRef = 371D946822F4AD820008B396 /* HomeProtocol.swift */; };
		371D946B22F4AF920008B396 /* HomeViewController.swift in Sources */ = {isa = PBXBuildFile; fileRef = 371D946A22F4AF920008B396 /* HomeViewController.swift */; };
		371D946D22F4AFF70008B396 /* HomePresenter.swift in Sources */ = {isa = PBXBuildFile; fileRef = 371D946C22F4AFF70008B396 /* HomePresenter.swift */; };
		371D946F22F4B0510008B396 /* HomeInteractor.swift in Sources */ = {isa = PBXBuildFile; fileRef = 371D946E22F4B0510008B396 /* HomeInteractor.swift */; };
		371D947122F4B0600008B396 /* HomeRouter.swift in Sources */ = {isa = PBXBuildFile; fileRef = 371D947022F4B0600008B396 /* HomeRouter.swift */; };
		371D947322F4B0710008B396 /* HomeEntity.swift in Sources */ = {isa = PBXBuildFile; fileRef = 371D947222F4B0710008B396 /* HomeEntity.swift */; };
		371D947622F4B73F0008B396 /* testHomeEntity.swift in Sources */ = {isa = PBXBuildFile; fileRef = 371D947522F4B73F0008B396 /* testHomeEntity.swift */; };
		371D947822F4C4640008B396 /* NetworkManager.swift in Sources */ = {isa = PBXBuildFile; fileRef = 371D947722F4C4640008B396 /* NetworkManager.swift */; };
		371D947A22F4C8F90008B396 /* APIRequests.swift in Sources */ = {isa = PBXBuildFile; fileRef = 371D947922F4C8F90008B396 /* APIRequests.swift */; };
		371D947C22F4CA000008B396 /* URLEncoder.swift in Sources */ = {isa = PBXBuildFile; fileRef = 371D947B22F4CA000008B396 /* URLEncoder.swift */; };
		371D947E22F4D4E30008B396 /* testAPIRequests.swift in Sources */ = {isa = PBXBuildFile; fileRef = 371D947D22F4D4E30008B396 /* testAPIRequests.swift */; };
		371D948322F5A57B0008B396 /* ImageCollectionCell.swift in Sources */ = {isa = PBXBuildFile; fileRef = 371D948122F5A57B0008B396 /* ImageCollectionCell.swift */; };
		371D948422F5A57B0008B396 /* ImageCollectionCell.xib in Resources */ = {isa = PBXBuildFile; fileRef = 371D948222F5A57B0008B396 /* ImageCollectionCell.xib */; };
		371D948722F5A5E80008B396 /* ReusableHandler.swift in Sources */ = {isa = PBXBuildFile; fileRef = 371D948622F5A5E80008B396 /* ReusableHandler.swift */; };
		372F6A4822F4A1F70040D27D /* AppDelegate.swift in Sources */ = {isa = PBXBuildFile; fileRef = 372F6A4722F4A1F70040D27D /* AppDelegate.swift */; };
		372F6A4D22F4A1F70040D27D /* Main.storyboard in Resources */ = {isa = PBXBuildFile; fileRef = 372F6A4B22F4A1F70040D27D /* Main.storyboard */; };
		372F6A4F22F4A1FA0040D27D /* Assets.xcassets in Resources */ = {isa = PBXBuildFile; fileRef = 372F6A4E22F4A1FA0040D27D /* Assets.xcassets */; };
		372F6A5222F4A1FA0040D27D /* LaunchScreen.storyboard in Resources */ = {isa = PBXBuildFile; fileRef = 372F6A5022F4A1FA0040D27D /* LaunchScreen.storyboard */; };
		372F6A5D22F4A1FA0040D27D /* FlickrAppTests.swift in Sources */ = {isa = PBXBuildFile; fileRef = 372F6A5C22F4A1FA0040D27D /* FlickrAppTests.swift */; };
		372F6A6822F4A1FA0040D27D /* FlickrAppUITests.swift in Sources */ = {isa = PBXBuildFile; fileRef = 372F6A6722F4A1FA0040D27D /* FlickrAppUITests.swift */; };
/* End PBXBuildFile section */

/* Begin PBXContainerItemProxy section */
		372F6A5922F4A1FA0040D27D /* PBXContainerItemProxy */ = {
			isa = PBXContainerItemProxy;
			containerPortal = 372F6A3C22F4A1F70040D27D /* Project object */;
			proxyType = 1;
			remoteGlobalIDString = 372F6A4322F4A1F70040D27D;
			remoteInfo = FlickrApp;
		};
		372F6A6422F4A1FA0040D27D /* PBXContainerItemProxy */ = {
			isa = PBXContainerItemProxy;
			containerPortal = 372F6A3C22F4A1F70040D27D /* Project object */;
			proxyType = 1;
			remoteGlobalIDString = 372F6A4322F4A1F70040D27D;
			remoteInfo = FlickrApp;
		};
/* End PBXContainerItemProxy section */

/* Begin PBXFileReference section */
		371D946822F4AD820008B396 /* HomeProtocol.swift */ = {isa = PBXFileReference; fileEncoding = 4; lastKnownFileType = sourcecode.swift; path = HomeProtocol.swift; sourceTree = "<group>"; };
		371D946A22F4AF920008B396 /* HomeViewController.swift */ = {isa = PBXFileReference; lastKnownFileType = sourcecode.swift; path = HomeViewController.swift; sourceTree = "<group>"; };
		371D946C22F4AFF70008B396 /* HomePresenter.swift */ = {isa = PBXFileReference; lastKnownFileType = sourcecode.swift; path = HomePresenter.swift; sourceTree = "<group>"; };
		371D946E22F4B0510008B396 /* HomeInteractor.swift */ = {isa = PBXFileReference; lastKnownFileType = sourcecode.swift; path = HomeInteractor.swift; sourceTree = "<group>"; };
		371D947022F4B0600008B396 /* HomeRouter.swift */ = {isa = PBXFileReference; lastKnownFileType = sourcecode.swift; path = HomeRouter.swift; sourceTree = "<group>"; };
		371D947222F4B0710008B396 /* HomeEntity.swift */ = {isa = PBXFileReference; lastKnownFileType = sourcecode.swift; path = HomeEntity.swift; sourceTree = "<group>"; };
		371D947522F4B73F0008B396 /* testHomeEntity.swift */ = {isa = PBXFileReference; lastKnownFileType = sourcecode.swift; path = testHomeEntity.swift; sourceTree = "<group>"; };
		371D947722F4C4640008B396 /* NetworkManager.swift */ = {isa = PBXFileReference; fileEncoding = 4; lastKnownFileType = sourcecode.swift; path = NetworkManager.swift; sourceTree = "<group>"; };
		371D947922F4C8F90008B396 /* APIRequests.swift */ = {isa = PBXFileReference; lastKnownFileType = sourcecode.swift; path = APIRequests.swift; sourceTree = "<group>"; };
		371D947B22F4CA000008B396 /* URLEncoder.swift */ = {isa = PBXFileReference; lastKnownFileType = sourcecode.swift; path = URLEncoder.swift; sourceTree = "<group>"; };
		371D947D22F4D4E30008B396 /* testAPIRequests.swift */ = {isa = PBXFileReference; lastKnownFileType = sourcecode.swift; path = testAPIRequests.swift; sourceTree = "<group>"; };
		371D948122F5A57B0008B396 /* ImageCollectionCell.swift */ = {isa = PBXFileReference; fileEncoding = 4; lastKnownFileType = sourcecode.swift; path = ImageCollectionCell.swift; sourceTree = "<group>"; };
		371D948222F5A57B0008B396 /* ImageCollectionCell.xib */ = {isa = PBXFileReference; fileEncoding = 4; lastKnownFileType = file.xib; path = ImageCollectionCell.xib; sourceTree = "<group>"; };
		371D948622F5A5E80008B396 /* ReusableHandler.swift */ = {isa = PBXFileReference; fileEncoding = 4; lastKnownFileType = sourcecode.swift; path = ReusableHandler.swift; sourceTree = "<group>"; };
		372F6A4422F4A1F70040D27D /* FlickrApp.app */ = {isa = PBXFileReference; explicitFileType = wrapper.application; includeInIndex = 0; path = FlickrApp.app; sourceTree = BUILT_PRODUCTS_DIR; };
		372F6A4722F4A1F70040D27D /* AppDelegate.swift */ = {isa = PBXFileReference; lastKnownFileType = sourcecode.swift; path = AppDelegate.swift; sourceTree = "<group>"; };
		372F6A4C22F4A1F70040D27D /* Base */ = {isa = PBXFileReference; lastKnownFileType = file.storyboard; name = Base; path = Base.lproj/Main.storyboard; sourceTree = "<group>"; };
		372F6A4E22F4A1FA0040D27D /* Assets.xcassets */ = {isa = PBXFileReference; lastKnownFileType = folder.assetcatalog; path = Assets.xcassets; sourceTree = "<group>"; };
		372F6A5122F4A1FA0040D27D /* Base */ = {isa = PBXFileReference; lastKnownFileType = file.storyboard; name = Base; path = Base.lproj/LaunchScreen.storyboard; sourceTree = "<group>"; };
		372F6A5322F4A1FA0040D27D /* Info.plist */ = {isa = PBXFileReference; lastKnownFileType = text.plist.xml; path = Info.plist; sourceTree = "<group>"; };
		372F6A5822F4A1FA0040D27D /* FlickrAppTests.xctest */ = {isa = PBXFileReference; explicitFileType = wrapper.cfbundle; includeInIndex = 0; path = FlickrAppTests.xctest; sourceTree = BUILT_PRODUCTS_DIR; };
		372F6A5C22F4A1FA0040D27D /* FlickrAppTests.swift */ = {isa = PBXFileReference; lastKnownFileType = sourcecode.swift; path = FlickrAppTests.swift; sourceTree = "<group>"; };
		372F6A5E22F4A1FA0040D27D /* Info.plist */ = {isa = PBXFileReference; lastKnownFileType = text.plist.xml; path = Info.plist; sourceTree = "<group>"; };
		372F6A6322F4A1FA0040D27D /* FlickrAppUITests.xctest */ = {isa = PBXFileReference; explicitFileType = wrapper.cfbundle; includeInIndex = 0; path = FlickrAppUITests.xctest; sourceTree = BUILT_PRODUCTS_DIR; };
		372F6A6722F4A1FA0040D27D /* FlickrAppUITests.swift */ = {isa = PBXFileReference; lastKnownFileType = sourcecode.swift; path = FlickrAppUITests.swift; sourceTree = "<group>"; };
		372F6A6922F4A1FB0040D27D /* Info.plist */ = {isa = PBXFileReference; lastKnownFileType = text.plist.xml; path = Info.plist; sourceTree = "<group>"; };
/* End PBXFileReference section */

/* Begin PBXFrameworksBuildPhase section */
		372F6A4122F4A1F70040D27D /* Frameworks */ = {
			isa = PBXFrameworksBuildPhase;
			buildActionMask = 2147483647;
			files = (
			);
			runOnlyForDeploymentPostprocessing = 0;
		};
		372F6A5522F4A1FA0040D27D /* Frameworks */ = {
			isa = PBXFrameworksBuildPhase;
			buildActionMask = 2147483647;
			files = (
			);
			runOnlyForDeploymentPostprocessing = 0;
		};
		372F6A6022F4A1FA0040D27D /* Frameworks */ = {
			isa = PBXFrameworksBuildPhase;
			buildActionMask = 2147483647;
			files = (
			);
			runOnlyForDeploymentPostprocessing = 0;
		};
/* End PBXFrameworksBuildPhase section */

/* Begin PBXGroup section */
		371D946622F4AAF00008B396 /* App */ = {
			isa = PBXGroup;
			children = (
				372F6A4722F4A1F70040D27D /* AppDelegate.swift */,
				372F6A4E22F4A1FA0040D27D /* Assets.xcassets */,
				372F6A4B22F4A1F70040D27D /* Main.storyboard */,
				372F6A5322F4A1FA0040D27D /* Info.plist */,
				372F6A5022F4A1FA0040D27D /* LaunchScreen.storyboard */,
			);
			path = App;
			sourceTree = "<group>";
		};
		371D946722F4AC2B0008B396 /* HomeModule */ = {
			isa = PBXGroup;
			children = (
				371D948022F5A57B0008B396 /* Resuableviews */,
				371D946A22F4AF920008B396 /* HomeViewController.swift */,
				371D946C22F4AFF70008B396 /* HomePresenter.swift */,
				371D946E22F4B0510008B396 /* HomeInteractor.swift */,
				371D947022F4B0600008B396 /* HomeRouter.swift */,
				371D947222F4B0710008B396 /* HomeEntity.swift */,
				371D946822F4AD820008B396 /* HomeProtocol.swift */,
			);
			path = HomeModule;
			sourceTree = "<group>";
		};
		371D947422F4B4E60008B396 /* Networking */ = {
			isa = PBXGroup;
			children = (
				371D947722F4C4640008B396 /* NetworkManager.swift */,
				371D947922F4C8F90008B396 /* APIRequests.swift */,
				371D947B22F4CA000008B396 /* URLEncoder.swift */,
			);
			path = Networking;
			sourceTree = "<group>";
		};
		371D947F22F55B330008B396 /* testHomeModule */ = {
			isa = PBXGroup;
			children = (
			);
			path = testHomeModule;
			sourceTree = "<group>";
		};
		371D948022F5A57B0008B396 /* Resuableviews */ = {
			isa = PBXGroup;
			children = (
				371D948122F5A57B0008B396 /* ImageCollectionCell.swift */,
				371D948222F5A57B0008B396 /* ImageCollectionCell.xib */,
			);
			path = Resuableviews;
			sourceTree = "<group>";
		};
		371D948522F5A5AA0008B396 /* Utility */ = {
			isa = PBXGroup;
			children = (
				371D948622F5A5E80008B396 /* ReusableHandler.swift */,
			);
			path = Utility;
			sourceTree = "<group>";
		};
		372F6A3B22F4A1F70040D27D = {
			isa = PBXGroup;
			children = (
				372F6A4622F4A1F70040D27D /* FlickrApp */,
				372F6A5B22F4A1FA0040D27D /* FlickrAppTests */,
				372F6A6622F4A1FA0040D27D /* FlickrAppUITests */,
				372F6A4522F4A1F70040D27D /* Products */,
			);
			sourceTree = "<group>";
		};
		372F6A4522F4A1F70040D27D /* Products */ = {
			isa = PBXGroup;
			children = (
				372F6A4422F4A1F70040D27D /* FlickrApp.app */,
				372F6A5822F4A1FA0040D27D /* FlickrAppTests.xctest */,
				372F6A6322F4A1FA0040D27D /* FlickrAppUITests.xctest */,
			);
			name = Products;
			sourceTree = "<group>";
		};
		372F6A4622F4A1F70040D27D /* FlickrApp */ = {
			isa = PBXGroup;
			children = (
				371D946622F4AAF00008B396 /* App */,
				371D946722F4AC2B0008B396 /* HomeModule */,
				371D947422F4B4E60008B396 /* Networking */,
				371D948522F5A5AA0008B396 /* Utility */,
			);
			path = FlickrApp;
			sourceTree = "<group>";
		};
		372F6A5B22F4A1FA0040D27D /* FlickrAppTests */ = {
			isa = PBXGroup;
			children = (
				371D947F22F55B330008B396 /* testHomeModule */,
				372F6A5C22F4A1FA0040D27D /* FlickrAppTests.swift */,
				371D947522F4B73F0008B396 /* testHomeEntity.swift */,
				371D947D22F4D4E30008B396 /* testAPIRequests.swift */,
				372F6A5E22F4A1FA0040D27D /* Info.plist */,
			);
			path = FlickrAppTests;
			sourceTree = "<group>";
		};
		372F6A6622F4A1FA0040D27D /* FlickrAppUITests */ = {
			isa = PBXGroup;
			children = (
				372F6A6722F4A1FA0040D27D /* FlickrAppUITests.swift */,
				372F6A6922F4A1FB0040D27D /* Info.plist */,
			);
			path = FlickrAppUITests;
			sourceTree = "<group>";
		};
/* End PBXGroup section */

/* Begin PBXNativeTarget section */
		372F6A4322F4A1F70040D27D /* FlickrApp */ = {
			isa = PBXNativeTarget;
			buildConfigurationList = 372F6A6C22F4A1FB0040D27D /* Build configuration list for PBXNativeTarget "FlickrApp" */;
			buildPhases = (
				372F6A4022F4A1F70040D27D /* Sources */,
				372F6A4122F4A1F70040D27D /* Frameworks */,
				372F6A4222F4A1F70040D27D /* Resources */,
			);
			buildRules = (
			);
			dependencies = (
			);
			name = FlickrApp;
			productName = FlickrApp;
			productReference = 372F6A4422F4A1F70040D27D /* FlickrApp.app */;
			productType = "com.apple.product-type.application";
		};
		372F6A5722F4A1FA0040D27D /* FlickrAppTests */ = {
			isa = PBXNativeTarget;
			buildConfigurationList = 372F6A6F22F4A1FB0040D27D /* Build configuration list for PBXNativeTarget "FlickrAppTests" */;
			buildPhases = (
				372F6A5422F4A1FA0040D27D /* Sources */,
				372F6A5522F4A1FA0040D27D /* Frameworks */,
				372F6A5622F4A1FA0040D27D /* Resources */,
			);
			buildRules = (
			);
			dependencies = (
				372F6A5A22F4A1FA0040D27D /* PBXTargetDependency */,
			);
			name = FlickrAppTests;
			productName = FlickrAppTests;
			productReference = 372F6A5822F4A1FA0040D27D /* FlickrAppTests.xctest */;
			productType = "com.apple.product-type.bundle.unit-test";
		};
		372F6A6222F4A1FA0040D27D /* FlickrAppUITests */ = {
			isa = PBXNativeTarget;
			buildConfigurationList = 372F6A7222F4A1FB0040D27D /* Build configuration list for PBXNativeTarget "FlickrAppUITests" */;
			buildPhases = (
				372F6A5F22F4A1FA0040D27D /* Sources */,
				372F6A6022F4A1FA0040D27D /* Frameworks */,
				372F6A6122F4A1FA0040D27D /* Resources */,
			);
			buildRules = (
			);
			dependencies = (
				372F6A6522F4A1FA0040D27D /* PBXTargetDependency */,
			);
			name = FlickrAppUITests;
			productName = FlickrAppUITests;
			productReference = 372F6A6322F4A1FA0040D27D /* FlickrAppUITests.xctest */;
			productType = "com.apple.product-type.bundle.ui-testing";
		};
/* End PBXNativeTarget section */

/* Begin PBXProject section */
		372F6A3C22F4A1F70040D27D /* Project object */ = {
			isa = PBXProject;
			attributes = {
				LastSwiftUpdateCheck = 1020;
				LastUpgradeCheck = 1020;
				ORGANIZATIONNAME = AppEngineer;
				TargetAttributes = {
					372F6A4322F4A1F70040D27D = {
						CreatedOnToolsVersion = 10.2;
					};
					372F6A5722F4A1FA0040D27D = {
						CreatedOnToolsVersion = 10.2;
						TestTargetID = 372F6A4322F4A1F70040D27D;
					};
					372F6A6222F4A1FA0040D27D = {
						CreatedOnToolsVersion = 10.2;
						TestTargetID = 372F6A4322F4A1F70040D27D;
					};
				};
			};
			buildConfigurationList = 372F6A3F22F4A1F70040D27D /* Build configuration list for PBXProject "FlickrApp" */;
			compatibilityVersion = "Xcode 9.3";
			developmentRegion = en;
			hasScannedForEncodings = 0;
			knownRegions = (
				en,
				Base,
			);
			mainGroup = 372F6A3B22F4A1F70040D27D;
			productRefGroup = 372F6A4522F4A1F70040D27D /* Products */;
			projectDirPath = "";
			projectRoot = "";
			targets = (
				372F6A4322F4A1F70040D27D /* FlickrApp */,
				372F6A5722F4A1FA0040D27D /* FlickrAppTests */,
				372F6A6222F4A1FA0040D27D /* FlickrAppUITests */,
			);
		};
/* End PBXProject section */

/* Begin PBXResourcesBuildPhase section */
		372F6A4222F4A1F70040D27D /* Resources */ = {
			isa = PBXResourcesBuildPhase;
			buildActionMask = 2147483647;
			files = (
				372F6A5222F4A1FA0040D27D /* LaunchScreen.storyboard in Resources */,
				372F6A4F22F4A1FA0040D27D /* Assets.xcassets in Resources */,
				372F6A4D22F4A1F70040D27D /* Main.storyboard in Resources */,
				371D948422F5A57B0008B396 /* ImageCollectionCell.xib in Resources */,
			);
			runOnlyForDeploymentPostprocessing = 0;
		};
		372F6A5622F4A1FA0040D27D /* Resources */ = {
			isa = PBXResourcesBuildPhase;
			buildActionMask = 2147483647;
			files = (
			);
			runOnlyForDeploymentPostprocessing = 0;
		};
		372F6A6122F4A1FA0040D27D /* Resources */ = {
			isa = PBXResourcesBuildPhase;
			buildActionMask = 2147483647;
			files = (
			);
			runOnlyForDeploymentPostprocessing = 0;
		};
/* End PBXResourcesBuildPhase section */

/* Begin PBXSourcesBuildPhase section */
		372F6A4022F4A1F70040D27D /* Sources */ = {
			isa = PBXSourcesBuildPhase;
			buildActionMask = 2147483647;
			files = (
				371D947C22F4CA000008B396 /* URLEncoder.swift in Sources */,
				371D948322F5A57B0008B396 /* ImageCollectionCell.swift in Sources */,
				371D947822F4C4640008B396 /* NetworkManager.swift in Sources */,
				371D946922F4AD820008B396 /* HomeProtocol.swift in Sources */,
				371D947122F4B0600008B396 /* HomeRouter.swift in Sources */,
				371D947322F4B0710008B396 /* HomeEntity.swift in Sources */,
				372F6A4822F4A1F70040D27D /* AppDelegate.swift in Sources */,
				371D946B22F4AF920008B396 /* HomeViewController.swift in Sources */,
				371D946F22F4B0510008B396 /* HomeInteractor.swift in Sources */,
				371D948722F5A5E80008B396 /* ReusableHandler.swift in Sources */,
				371D947A22F4C8F90008B396 /* APIRequests.swift in Sources */,
				371D946D22F4AFF70008B396 /* HomePresenter.swift in Sources */,
			);
			runOnlyForDeploymentPostprocessing = 0;
		};
		372F6A5422F4A1FA0040D27D /* Sources */ = {
			isa = PBXSourcesBuildPhase;
			buildActionMask = 2147483647;
			files = (
				372F6A5D22F4A1FA0040D27D /* FlickrAppTests.swift in Sources */,
				371D947622F4B73F0008B396 /* testHomeEntity.swift in Sources */,
				371D947E22F4D4E30008B396 /* testAPIRequests.swift in Sources */,
			);
			runOnlyForDeploymentPostprocessing = 0;
		};
		372F6A5F22F4A1FA0040D27D /* Sources */ = {
			isa = PBXSourcesBuildPhase;
			buildActionMask = 2147483647;
			files = (
				372F6A6822F4A1FA0040D27D /* FlickrAppUITests.swift in Sources */,
			);
			runOnlyForDeploymentPostprocessing = 0;
		};
/* End PBXSourcesBuildPhase section */

/* Begin PBXTargetDependency section */
		372F6A5A22F4A1FA0040D27D /* PBXTargetDependency */ = {
			isa = PBXTargetDependency;
			target = 372F6A4322F4A1F70040D27D /* FlickrApp */;
			targetProxy = 372F6A5922F4A1FA0040D27D /* PBXContainerItemProxy */;
		};
		372F6A6522F4A1FA0040D27D /* PBXTargetDependency */ = {
			isa = PBXTargetDependency;
			target = 372F6A4322F4A1F70040D27D /* FlickrApp */;
			targetProxy = 372F6A6422F4A1FA0040D27D /* PBXContainerItemProxy */;
		};
/* End PBXTargetDependency section */

/* Begin PBXVariantGroup section */
		372F6A4B22F4A1F70040D27D /* Main.storyboard */ = {
			isa = PBXVariantGroup;
			children = (
				372F6A4C22F4A1F70040D27D /* Base */,
			);
			name = Main.storyboard;
			sourceTree = "<group>";
		};
		372F6A5022F4A1FA0040D27D /* LaunchScreen.storyboard */ = {
			isa = PBXVariantGroup;
			children = (
				372F6A5122F4A1FA0040D27D /* Base */,
			);
			name = LaunchScreen.storyboard;
			sourceTree = "<group>";
		};
/* End PBXVariantGroup section */

/* Begin XCBuildConfiguration section */
		372F6A6A22F4A1FB0040D27D /* Debug */ = {
			isa = XCBuildConfiguration;
			buildSettings = {
				ALWAYS_SEARCH_USER_PATHS = NO;
				CLANG_ANALYZER_NONNULL = YES;
				CLANG_ANALYZER_NUMBER_OBJECT_CONVERSION = YES_AGGRESSIVE;
				CLANG_CXX_LANGUAGE_STANDARD = "gnu++14";
				CLANG_CXX_LIBRARY = "libc++";
				CLANG_ENABLE_MODULES = YES;
				CLANG_ENABLE_OBJC_ARC = YES;
				CLANG_ENABLE_OBJC_WEAK = YES;
				CLANG_WARN_BLOCK_CAPTURE_AUTORELEASING = YES;
				CLANG_WARN_BOOL_CONVERSION = YES;
				CLANG_WARN_COMMA = YES;
				CLANG_WARN_CONSTANT_CONVERSION = YES;
				CLANG_WARN_DEPRECATED_OBJC_IMPLEMENTATIONS = YES;
				CLANG_WARN_DIRECT_OBJC_ISA_USAGE = YES_ERROR;
				CLANG_WARN_DOCUMENTATION_COMMENTS = YES;
				CLANG_WARN_EMPTY_BODY = YES;
				CLANG_WARN_ENUM_CONVERSION = YES;
				CLANG_WARN_INFINITE_RECURSION = YES;
				CLANG_WARN_INT_CONVERSION = YES;
				CLANG_WARN_NON_LITERAL_NULL_CONVERSION = YES;
				CLANG_WARN_OBJC_IMPLICIT_RETAIN_SELF = YES;
				CLANG_WARN_OBJC_LITERAL_CONVERSION = YES;
				CLANG_WARN_OBJC_ROOT_CLASS = YES_ERROR;
				CLANG_WARN_RANGE_LOOP_ANALYSIS = YES;
				CLANG_WARN_STRICT_PROTOTYPES = YES;
				CLANG_WARN_SUSPICIOUS_MOVE = YES;
				CLANG_WARN_UNGUARDED_AVAILABILITY = YES_AGGRESSIVE;
				CLANG_WARN_UNREACHABLE_CODE = YES;
				CLANG_WARN__DUPLICATE_METHOD_MATCH = YES;
				CODE_SIGN_IDENTITY = "iPhone Developer";
				COPY_PHASE_STRIP = NO;
				DEBUG_INFORMATION_FORMAT = dwarf;
				ENABLE_STRICT_OBJC_MSGSEND = YES;
				ENABLE_TESTABILITY = YES;
				GCC_C_LANGUAGE_STANDARD = gnu11;
				GCC_DYNAMIC_NO_PIC = NO;
				GCC_NO_COMMON_BLOCKS = YES;
				GCC_OPTIMIZATION_LEVEL = 0;
				GCC_PREPROCESSOR_DEFINITIONS = (
					"DEBUG=1",
					"$(inherited)",
				);
				GCC_WARN_64_TO_32_BIT_CONVERSION = YES;
				GCC_WARN_ABOUT_RETURN_TYPE = YES_ERROR;
				GCC_WARN_UNDECLARED_SELECTOR = YES;
				GCC_WARN_UNINITIALIZED_AUTOS = YES_AGGRESSIVE;
				GCC_WARN_UNUSED_FUNCTION = YES;
				GCC_WARN_UNUSED_VARIABLE = YES;
				IPHONEOS_DEPLOYMENT_TARGET = 12.2;
				MTL_ENABLE_DEBUG_INFO = INCLUDE_SOURCE;
				MTL_FAST_MATH = YES;
				ONLY_ACTIVE_ARCH = YES;
				SDKROOT = iphoneos;
				SWIFT_ACTIVE_COMPILATION_CONDITIONS = DEBUG;
				SWIFT_OPTIMIZATION_LEVEL = "-Onone";
			};
			name = Debug;
		};
		372F6A6B22F4A1FB0040D27D /* Release */ = {
			isa = XCBuildConfiguration;
			buildSettings = {
				ALWAYS_SEARCH_USER_PATHS = NO;
				CLANG_ANALYZER_NONNULL = YES;
				CLANG_ANALYZER_NUMBER_OBJECT_CONVERSION = YES_AGGRESSIVE;
				CLANG_CXX_LANGUAGE_STANDARD = "gnu++14";
				CLANG_CXX_LIBRARY = "libc++";
				CLANG_ENABLE_MODULES = YES;
				CLANG_ENABLE_OBJC_ARC = YES;
				CLANG_ENABLE_OBJC_WEAK = YES;
				CLANG_WARN_BLOCK_CAPTURE_AUTORELEASING = YES;
				CLANG_WARN_BOOL_CONVERSION = YES;
				CLANG_WARN_COMMA = YES;
				CLANG_WARN_CONSTANT_CONVERSION = YES;
				CLANG_WARN_DEPRECATED_OBJC_IMPLEMENTATIONS = YES;
				CLANG_WARN_DIRECT_OBJC_ISA_USAGE = YES_ERROR;
				CLANG_WARN_DOCUMENTATION_COMMENTS = YES;
				CLANG_WARN_EMPTY_BODY = YES;
				CLANG_WARN_ENUM_CONVERSION = YES;
				CLANG_WARN_INFINITE_RECURSION = YES;
				CLANG_WARN_INT_CONVERSION = YES;
				CLANG_WARN_NON_LITERAL_NULL_CONVERSION = YES;
				CLANG_WARN_OBJC_IMPLICIT_RETAIN_SELF = YES;
				CLANG_WARN_OBJC_LITERAL_CONVERSION = YES;
				CLANG_WARN_OBJC_ROOT_CLASS = YES_ERROR;
				CLANG_WARN_RANGE_LOOP_ANALYSIS = YES;
				CLANG_WARN_STRICT_PROTOTYPES = YES;
				CLANG_WARN_SUSPICIOUS_MOVE = YES;
				CLANG_WARN_UNGUARDED_AVAILABILITY = YES_AGGRESSIVE;
				CLANG_WARN_UNREACHABLE_CODE = YES;
				CLANG_WARN__DUPLICATE_METHOD_MATCH = YES;
				CODE_SIGN_IDENTITY = "iPhone Developer";
				COPY_PHASE_STRIP = NO;
				DEBUG_INFORMATION_FORMAT = "dwarf-with-dsym";
				ENABLE_NS_ASSERTIONS = NO;
				ENABLE_STRICT_OBJC_MSGSEND = YES;
				GCC_C_LANGUAGE_STANDARD = gnu11;
				GCC_NO_COMMON_BLOCKS = YES;
				GCC_WARN_64_TO_32_BIT_CONVERSION = YES;
				GCC_WARN_ABOUT_RETURN_TYPE = YES_ERROR;
				GCC_WARN_UNDECLARED_SELECTOR = YES;
				GCC_WARN_UNINITIALIZED_AUTOS = YES_AGGRESSIVE;
				GCC_WARN_UNUSED_FUNCTION = YES;
				GCC_WARN_UNUSED_VARIABLE = YES;
				IPHONEOS_DEPLOYMENT_TARGET = 12.2;
				MTL_ENABLE_DEBUG_INFO = NO;
				MTL_FAST_MATH = YES;
				SDKROOT = iphoneos;
				SWIFT_COMPILATION_MODE = wholemodule;
				SWIFT_OPTIMIZATION_LEVEL = "-O";
				VALIDATE_PRODUCT = YES;
			};
			name = Release;
		};
		372F6A6D22F4A1FB0040D27D /* Debug */ = {
			isa = XCBuildConfiguration;
			buildSettings = {
				ASSETCATALOG_COMPILER_APPICON_NAME = AppIcon;
				CODE_SIGN_STYLE = Automatic;
				INFOPLIST_FILE = FlickrApp/App/Info.plist;
				LD_RUNPATH_SEARCH_PATHS = (
					"$(inherited)",
					"@executable_path/Frameworks",
				);
				PRODUCT_BUNDLE_IDENTIFIER = com.msy.FlickrApp;
				PRODUCT_NAME = "$(TARGET_NAME)";
				SWIFT_VERSION = 5.0;
				TARGETED_DEVICE_FAMILY = "1,2";
			};
			name = Debug;
		};
		372F6A6E22F4A1FB0040D27D /* Release */ = {
			isa = XCBuildConfiguration;
			buildSettings = {
				ASSETCATALOG_COMPILER_APPICON_NAME = AppIcon;
				CODE_SIGN_STYLE = Automatic;
				INFOPLIST_FILE = FlickrApp/App/Info.plist;
				LD_RUNPATH_SEARCH_PATHS = (
					"$(inherited)",
					"@executable_path/Frameworks",
				);
				PRODUCT_BUNDLE_IDENTIFIER = com.msy.FlickrApp;
				PRODUCT_NAME = "$(TARGET_NAME)";
				SWIFT_VERSION = 5.0;
				TARGETED_DEVICE_FAMILY = "1,2";
			};
			name = Release;
		};
		372F6A7022F4A1FB0040D27D /* Debug */ = {
			isa = XCBuildConfiguration;
			buildSettings = {
				ALWAYS_EMBED_SWIFT_STANDARD_LIBRARIES = YES;
				BUNDLE_LOADER = "$(TEST_HOST)";
				CODE_SIGN_STYLE = Automatic;
				INFOPLIST_FILE = FlickrAppTests/Info.plist;
				LD_RUNPATH_SEARCH_PATHS = (
					"$(inherited)",
					"@executable_path/Frameworks",
					"@loader_path/Frameworks",
				);
				PRODUCT_BUNDLE_IDENTIFIER = com.msy.FlickrAppTests;
				PRODUCT_NAME = "$(TARGET_NAME)";
				SWIFT_VERSION = 5.0;
				TARGETED_DEVICE_FAMILY = "1,2";
				TEST_HOST = "$(BUILT_PRODUCTS_DIR)/FlickrApp.app/FlickrApp";
			};
			name = Debug;
		};
		372F6A7122F4A1FB0040D27D /* Release */ = {
			isa = XCBuildConfiguration;
			buildSettings = {
				ALWAYS_EMBED_SWIFT_STANDARD_LIBRARIES = YES;
				BUNDLE_LOADER = "$(TEST_HOST)";
				CODE_SIGN_STYLE = Automatic;
				INFOPLIST_FILE = FlickrAppTests/Info.plist;
				LD_RUNPATH_SEARCH_PATHS = (
					"$(inherited)",
					"@executable_path/Frameworks",
					"@loader_path/Frameworks",
				);
				PRODUCT_BUNDLE_IDENTIFIER = com.msy.FlickrAppTests;
				PRODUCT_NAME = "$(TARGET_NAME)";
				SWIFT_VERSION = 5.0;
				TARGETED_DEVICE_FAMILY = "1,2";
				TEST_HOST = "$(BUILT_PRODUCTS_DIR)/FlickrApp.app/FlickrApp";
			};
			name = Release;
		};
		372F6A7322F4A1FB0040D27D /* Debug */ = {
			isa = XCBuildConfiguration;
			buildSettings = {
				ALWAYS_EMBED_SWIFT_STANDARD_LIBRARIES = YES;
				CODE_SIGN_STYLE = Automatic;
				INFOPLIST_FILE = FlickrAppUITests/Info.plist;
				LD_RUNPATH_SEARCH_PATHS = (
					"$(inherited)",
					"@executable_path/Frameworks",
					"@loader_path/Frameworks",
				);
				PRODUCT_BUNDLE_IDENTIFIER = com.msy.FlickrAppUITests;
				PRODUCT_NAME = "$(TARGET_NAME)";
				SWIFT_VERSION = 5.0;
				TARGETED_DEVICE_FAMILY = "1,2";
				TEST_TARGET_NAME = FlickrApp;
			};
			name = Debug;
		};
		372F6A7422F4A1FB0040D27D /* Release */ = {
			isa = XCBuildConfiguration;
			buildSettings = {
				ALWAYS_EMBED_SWIFT_STANDARD_LIBRARIES = YES;
				CODE_SIGN_STYLE = Automatic;
				INFOPLIST_FILE = FlickrAppUITests/Info.plist;
				LD_RUNPATH_SEARCH_PATHS = (
					"$(inherited)",
					"@executable_path/Frameworks",
					"@loader_path/Frameworks",
				);
				PRODUCT_BUNDLE_IDENTIFIER = com.msy.FlickrAppUITests;
				PRODUCT_NAME = "$(TARGET_NAME)";
				SWIFT_VERSION = 5.0;
				TARGETED_DEVICE_FAMILY = "1,2";
				TEST_TARGET_NAME = FlickrApp;
			};
			name = Release;
		};
/* End XCBuildConfiguration section */

/* Begin XCConfigurationList section */
		372F6A3F22F4A1F70040D27D /* Build configuration list for PBXProject "FlickrApp" */ = {
			isa = XCConfigurationList;
			buildConfigurations = (
				372F6A6A22F4A1FB0040D27D /* Debug */,
				372F6A6B22F4A1FB0040D27D /* Release */,
			);
			defaultConfigurationIsVisible = 0;
			defaultConfigurationName = Release;
		};
		372F6A6C22F4A1FB0040D27D /* Build configuration list for PBXNativeTarget "FlickrApp" */ = {
			isa = XCConfigurationList;
			buildConfigurations = (
				372F6A6D22F4A1FB0040D27D /* Debug */,
				372F6A6E22F4A1FB0040D27D /* Release */,
			);
			defaultConfigurationIsVisible = 0;
			defaultConfigurationName = Release;
		};
		372F6A6F22F4A1FB0040D27D /* Build configuration list for PBXNativeTarget "FlickrAppTests" */ = {
			isa = XCConfigurationList;
			buildConfigurations = (
				372F6A7022F4A1FB0040D27D /* Debug */,
				372F6A7122F4A1FB0040D27D /* Release */,
			);
			defaultConfigurationIsVisible = 0;
			defaultConfigurationName = Release;
		};
		372F6A7222F4A1FB0040D27D /* Build configuration list for PBXNativeTarget "FlickrAppUITests" */ = {
			isa = XCConfigurationList;
			buildConfigurations = (
				372F6A7322F4A1FB0040D27D /* Debug */,
				372F6A7422F4A1FB0040D27D /* Release */,
			);
			defaultConfigurationIsVisible = 0;
			defaultConfigurationName = Release;
		};
/* End XCConfigurationList section */
	};
	rootObject = 372F6A3C22F4A1F70040D27D /* Project object */;
}
